schema_version: 1
url: https://github.com/yoheinakajima/shared-discovery-paradox.git
commit: 5025cc8e8f2f8ca015dff2066f08f81ad5715a51
ref: main
fetched_utc: "2026-07-20T18:53:07Z"
license_status: MIT
license_path: LICENSE
relevant_paths:
  - README.md
  - LICENSE
  - requirements.txt
  - verify_shared_discovery_v8_6.py
  - paper/The_Shared_Discovery_Paradox.tex
  - paper/shared_discovery_v8.bib
  - docs/index.html
  - data/
  - figures/
status: pinned
publication_metadata:
  upstream_citation_status: working-paper
  owner_declared_program_lifecycle: canonical-published
  doi_evidence: false
  submitted_evidence: false
  accepted_evidence: false
  peer_review_evidence: false
  paper_pdf_sha256: cb4816cb3a9cdd8db0210ab8981e3729028eb02ba174f2a7300b617807cc1e04
  paper_page_count: 29
